<?xml version="1.0" encoding="utf-8"?>
<Project ToolsVersion="4.0" xmlns="http://schemas.microsoft.com/developer/msbuild/2003">
  <ItemGroup>
    <Filter Include="Processors">
      <UniqueIdentifier>{d7468b30-3ced-42c0-a443-7bc78e649579}</UniqueIdentifier>
    </Filter>
    <Filter Include="Base">
      <UniqueIdentifier>{313d7c00-5bc4-4abf-9d98-81fe5ffcd400}</UniqueIdentifier>
    </Filter>
    <Filter Include="Processors\WDC65816">
      <UniqueIdentifier>{c241a2e3-029d-4c89-9372-50adf1662539}</UniqueIdentifier>
    </Filter>
  </ItemGroup>
  <ItemGroup>
    <ClInclude Include="Base\Types.h">
      <Filter>Base</Filter>
    </ClInclude>
    <ClInclude Include="Base\Integer.h">
      <Filter>Base</Filter>
    </ClInclude>
    <ClInclude Include="Processors\WDC65816\CPU.h">
      <Filter>Processors\WDC65816</Filter>
    </ClInclude>
    <ClInclude Include="Processors\WDC65816\Disassembler.h">
      <Filter>Processors\WDC65816</Filter>
    </ClInclude>
    <ClInclude Include="Processors\Register.h">
      <Filter>Processors</Filter>
    </ClInclude>
    <ClInclude Include="Processors\Instruction.h">
      <Filter>Processors</Filter>
    </ClInclude>
    <ClInclude Include="Processors\WDC65816\Instructions.h">
      <Filter>Processors\WDC65816</Filter>
    </ClInclude>
  </ItemGroup>
  <ItemGroup>
    <ClCompile Include="Test.cpp" />
    <ClCompile Include="Processors\WDC65816\CPU.cpp">
      <Filter>Processors\WDC65816</Filter>
    </ClCompile>
  </ItemGroup>
</Project>